// !$*UTF8*$!
{
	archiveVersion = 1;
	classes = {
	};
	objectVersion = 77;
	objects = {

/* Begin PBXContainerItemProxy section */
		BF68B2BF2CFD53EE00FF4107 /* PBXContainerItemProxy */ = {
			isa = PBXContainerItemProxy;
			containerPortal = BF68B2A02CFD53EA00FF4107 /* Project object */;
			proxyType = 1;
			remoteGlobalIDString = BF68B2A72CFD53EB00FF4107;
			remoteInfo = MiniProjectUIKit;
		};
		BF68B2C92CFD53EE00FF4107 /* PBXContainerItemProxy */ = {
			isa = PBXContainerItemProxy;
			containerPortal = BF68B2A02CFD53EA00FF4107 /* Project object */;
			proxyType = 1;
			remoteGlobalIDString = BF68B2A72CFD53EB00FF4107;
			remoteInfo = MiniProjectUIKit;
		};
/* End PBXContainerItemProxy section */

/* Begin PBXFileReference section */
		BF68B2A82CFD53EB00FF4107 /* MiniProjectUIKit.app */ = {isa = PBXFileReference; explicitFileType = wrapper.application; includeInIndex = 0; path = MiniProjectUIKit.app; sourceTree = BUILT_PRODUCTS_DIR; };
		BF68B2BE2CFD53EE00FF4107 /* MiniProjectUIKitTests.xctest */ = {isa = PBXFileReference; explicitFileType = wrapper.cfbundle; includeInIndex = 0; path = MiniProjectUIKitTests.xctest; sourceTree = BUILT_PRODUCTS_DIR; };
		BF68B2C82CFD53EE00FF4107 /* MiniProjectUIKitUITests.xctest */ = {isa = PBXFileReference; explicitFileType = wrapper.cfbundle; includeInIndex = 0; path = MiniProjectUIKitUITests.xctest; sourceTree = BUILT_PRODUCTS_DIR; };
/* End PBXFileReference section */

/* Begin PBXFileSystemSynchronizedBuildFileExceptionSet section */
		BF68B2D02CFD53EE00FF4107 /* Exceptions for "MiniProjectUIKit" folder in "MiniProjectUIKit" target */ = {
			isa = PBXFileSystemSynchronizedBuildFileExceptionSet;
			membershipExceptions = (
				Info.plist,
			);
			target = BF68B2A72CFD53EB00FF4107 /* MiniProjectUIKit */;
		};
/* End PBXFileSystemSynchronizedBuildFileExceptionSet section */

/* Begin PBXFileSystemSynchronizedRootGroup section */
		BF68B2AA2CFD53EB00FF4107 /* MiniProjectUIKit */ = {
			isa = PBXFileSystemSynchronizedRootGroup;
			exceptions = (
				BF68B2D02CFD53EE00FF4107 /* Exceptions for "MiniProjectUIKit" folder in "MiniProjectUIKit" target */,
			);
			path = MiniProjectUIKit;
			sourceTree = "<group>";
		};
		BF68B2C12CFD53EE00FF4107 /* MiniProjectUIKitTests */ = {
			isa = PBXFileSystemSynchronizedRootGroup;
			path = MiniProjectUIKitTests;
			sourceTree = "<group>";
		};
		BF68B2CB2CFD53EE00FF4107 /* MiniProjectUIKitUITests */ = {
			isa = PBXFileSystemSynchronizedRootGroup;
			path = MiniProjectUIKitUITests;
			sourceTree = "<group>";
		};
/* End PBXFileSystemSynchronizedRootGroup section */

/* Begin PBXFrameworksBuildPhase section */
		BF68B2A52CFD53EB00FF4107 /* Frameworks */ = {
			isa = PBXFrameworksBuildPhase;
			buildActionMask = 2147483647;
			files = (
			);
			runOnlyForDeploymentPostprocessing = 0;
		};
		BF68B2BB2CFD53EE00FF4107 /* Frameworks */ = {
			isa = PBXFrameworksBuildPhase;
			buildActionMask = 2147483647;
			files = (
			);
			runOnlyForDeploymentPostprocessing = 0;
		};
		BF68B2C52CFD53EE00FF4107 /* Frameworks */ = {
			isa = PBXFrameworksBuildPhase;
			buildActionMask = 2147483647;
			files = (
			);
			runOnlyForDeploymentPostprocessing = 0;
		};
/* End PBXFrameworksBuildPhase section */

/* Begin PBXGroup section */
		BF68B29F2CFD53EA00FF4107 = {
			isa = PBXGroup;
			children = (
				BF68B2AA2CFD53EB00FF4107 /* MiniProjectUIKit */,
				BF68B2C12CFD53EE00FF4107 /* MiniProjectUIKitTests */,
				BF68B2CB2CFD53EE00FF4107 /* MiniProjectUIKitUITests */,
				BF68B2A92CFD53EB00FF4107 /* Products */,
			);
			sourceTree = "<group>";
		};
		BF68B2A92CFD53EB00FF4107 /* Products */ = {
			isa = PBXGroup;
			children = (
				BF68B2A82CFD53EB00FF4107 /* MiniProjectUIKit.app */,
				BF68B2BE2CFD53EE00FF4107 /* MiniProjectUIKitTests.xctest */,
				BF68B2C82CFD53EE00FF4107 /* MiniProjectUIKitUITests.xctest */,
			);
			name = Products;
			sourceTree = "<group>";
		};
/* End PBXGroup section */

/* Begin PBXNativeTarget section */
		BF68B2A72CFD53EB00FF4107 /* MiniProjectUIKit */ = {
			isa = PBXNativeTarget;
			buildConfigurationList = BF68B2D12CFD53EE00FF4107 /* Build configuration list for PBXNativeTarget "MiniProjectUIKit" */;
			buildPhases = (
				BF68B2A42CFD53EB00FF4107 /* Sources */,
				BF68B2A52CFD53EB00FF4107 /* Frameworks */,
				BF68B2A62CFD53EB00FF4107 /* Resources */,
			);
			buildRules = (
			);
			dependencies = (
			);
			fileSystemSynchronizedGroups = (
				BF68B2AA2CFD53EB00FF4107 /* MiniProjectUIKit */,
			);
			name = MiniProjectUIKit;
			packageProductDependencies = (
			);
			productName = MiniProjectUIKit;
			productReference = BF68B2A82CFD53EB00FF4107 /* MiniProjectUIKit.app */;
			productType = "com.apple.product-type.application";
		};
		BF68B2BD2CFD53EE00FF4107 /* MiniProjectUIKitTests */ = {
			isa = PBXNativeTarget;
			buildConfigurationList = BF68B2D62CFD53EE00FF4107 /* Build configuration list for PBXNativeTarget "MiniProjectUIKitTests" */;
			buildPhases = (
				BF68B2BA2CFD53EE00FF4107 /* Sources */,
				BF68B2BB2CFD53EE00FF4107 /* Frameworks */,
				BF68B2BC2CFD53EE00FF4107 /* Resources */,
			);
			buildRules = (
			);
			dependencies = (
				BF68B2C02CFD53EE00FF4107 /* PBXTargetDependency */,
			);
			fileSystemSynchronizedGroups = (
				BF68B2C12CFD53EE00FF4107 /* MiniProjectUIKitTests */,
			);
			name = MiniProjectUIKitTests;
			packageProductDependencies = (
			);
			productName = MiniProjectUIKitTests;
			productReference = BF68B2BE2CFD53EE00FF4107 /* MiniProjectUIKitTests.xctest */;
			productType = "com.apple.product-type.bundle.unit-test";
		};
		BF68B2C72CFD53EE00FF4107 /* MiniProjectUIKitUITests */ = {
			isa = PBXNativeTarget;
			buildConfigurationList = BF68B2D92CFD53EE00FF4107 /* Build configuration list for PBXNativeTarget "MiniProjectUIKitUITests" */;
			buildPhases = (
				BF68B2C42CFD53EE00FF4107 /* Sources */,
				BF68B2C52CFD53EE00FF4107 /* Frameworks */,
				BF68B2C62CFD53EE00FF4107 /* Resources */,
			);
			buildRules = (
			);
			dependencies = (
				BF68B2CA2CFD53EE00FF4107 /* PBXTargetDependency */,
			);
			fileSystemSynchronizedGroups = (
				BF68B2CB2CFD53EE00FF4107 /* MiniProjectUIKitUITests */,
			);
			name = MiniProjectUIKitUITests;
			packageProductDependencies = (
			);
			productName = MiniProjectUIKitUITests;
			productReference = BF68B2C82CFD53EE00FF4107 /* MiniProjectUIKitUITests.xctest */;
			productType = "com.apple.product-type.bundle.ui-testing";
		};
/* End PBXNativeTarget section */

/* Begin PBXProject section */
		BF68B2A02CFD53EA00FF4107 /* Project object */ = {
			isa = PBXProject;
			attributes = {
				BuildIndependentTargetsInParallel = 1;
				LastSwiftUpdateCheck = 1610;
				LastUpgradeCheck = 1610;
				TargetAttributes = {
					BF68B2A72CFD53EB00FF4107 = {
						CreatedOnToolsVersion = 16.1;
					};
					BF68B2BD2CFD53EE00FF4107 = {
						CreatedOnToolsVersion = 16.1;
						TestTargetID = BF68B2A72CFD53EB00FF4107;
					};
					BF68B2C72CFD53EE00FF4107 = {
						CreatedOnToolsVersion = 16.1;
						TestTargetID = BF68B2A72CFD53EB00FF4107;
					};
				};
			};
			buildConfigurationList = BF68B2A32CFD53EA00FF4107 /* Build configuration list for PBXProject "MiniProjectUIKit" */;
			developmentRegion = en;
			hasScannedForEncodings = 0;
			knownRegions = (
				en,
				Base,
			);
			mainGroup = BF68B29F2CFD53EA00FF4107;
			minimizedProjectReferenceProxies = 1;
			preferredProjectObjectVersion = 77;
			productRefGroup = BF68B2A92CFD53EB00FF4107 /* Products */;
			projectDirPath = "";
			projectRoot = "";
			targets = (
				BF68B2A72CFD53EB00FF4107 /* MiniProjectUIKit */,
				BF68B2BD2CFD53EE00FF4107 /* MiniProjectUIKitTests */,
				BF68B2C72CFD53EE00FF4107 /* MiniProjectUIKitUITests */,
			);
		};
/* End PBXProject section */

/* Begin PBXResourcesBuildPhase section */
		BF68B2A62CFD53EB00FF4107 /* Resources */ = {
			isa = PBXResourcesBuildPhase;
			buildActionMask = 2147483647;
			files = (
			);
			runOnlyForDeploymentPostprocessing = 0;
		};
		BF68B2BC2CFD53EE00FF4107 /* Resources */ = {
			isa = PBXResourcesBuildPhase;
			buildActionMask = 2147483647;
			files = (
			);
			runOnlyForDeploymentPostprocessing = 0;
		};
		BF68B2C62CFD53EE00FF4107 /* Resources */ = {
			isa = PBXResourcesBuildPhase;
			buildActionMask = 2147483647;
			files = (
			);
			runOnlyForDeploymentPostprocessing = 0;
		};
/* End PBXResourcesBuildPhase section */

/* Begin PBXSourcesBuildPhase section */
		BF68B2A42CFD53EB00FF4107 /* Sources */ = {
			isa = PBXSourcesBuildPhase;
			buildActionMask = 2147483647;
			files = (
			);
			runOnlyForDeploymentPostprocessing = 0;
		};
		BF68B2BA2CFD53EE00FF4107 /* Sources */ = {
			isa = PBXSourcesBuildPhase;
			buildActionMask = 2147483647;
			files = (
			);
			runOnlyForDeploymentPostprocessing = 0;
		};
		BF68B2C42CFD53EE00FF4107 /* Sources */ = {
			isa = PBXSourcesBuildPhase;
			buildActionMask = 2147483647;
			files = (
			);
			runOnlyForDeploymentPostprocessing = 0;
		};
/* End PBXSourcesBuildPhase section */

/* Begin PBXTargetDependency section */
		BF68B2C02CFD53EE00FF4107 /* PBXTargetDependency */ = {
			isa = PBXTargetDependency;
			target = BF68B2A72CFD53EB00FF4107 /* MiniProjectUIKit */;
			targetProxy = BF68B2BF2CFD53EE00FF4107 /* PBXContainerItemProxy */;
		};
		BF68B2CA2CFD53EE00FF4107 /* PBXTargetDependency */ = {
			isa = PBXTargetDependency;
			target = BF68B2A72CFD53EB00FF4107 /* MiniProjectUIKit */;
			targetProxy = BF68B2C92CFD53EE00FF4107 /* PBXContainerItemProxy */;
		};
/* End PBXTargetDependency section */

/* Begin XCBuildConfiguration section */
		BF68B2D22CFD53EE00FF4107 /* Debug */ = {
			isa = XCBuildConfiguration;
			buildSettings = {
				ASSETCATALOG_COMPILER_APPICON_NAME = AppIcon;
				ASSETCATALOG_COMPILER_GLOBAL_ACCENT_COLOR_NAME = AccentColor;
				CODE_SIGN_STYLE = Automatic;
				CURRENT_PROJECT_VERSION = 1;
				DEVELOPMENT_TEAM = M45X2698V4;
				GENERATE_INFOPLIST_FILE = YES;
				INFOPLIST_FILE = MiniProjectUIKit/Info.plist;
				INFOPLIST_KEY_UIApplicationSupportsIndirectInputEvents = YES;
				INFOPLIST_KEY_UILaunchStoryboardName = LaunchScreen;
				INFOPLIST_KEY_UISupportedInterfaceOrientations_iPad = "UIInterfaceOrientationPortrait UIInterfaceOrientationPortraitUpsideDown UIInterfaceOrientationLandscapeLeft UIInterfaceOrientationLandscapeRight";
				INFOPLIST_KEY_UISupportedInterfaceOrientations_iPhone = "UIInterfaceOrientationPortrait UIInterfaceOrientationLandscapeLeft UIInterfaceOrientationLandscapeRight";
				LD_RUNPATH_SEARCH_PATHS = (
					"$(inherited)",
					"@executable_path/Frameworks",
				);
				MARKETING_VERSION = 1.0;
				PRODUCT_BUNDLE_IDENTIFIER = Appledev.MiniProjectUIKit;
				PRODUCT_NAME = "$(TARGET_NAME)";
				SWIFT_EMIT_LOC_STRINGS = YES;
				SWIFT_VERSION = 5.0;
				TARGETED_DEVICE_FAMILY = "1,2";
			};
			name = Debug;
		};
		BF68B2D32CFD53EE00FF4107 /* Release */ = {
			isa = XCBuildConfiguration;
			buildSettings = {
				ASSETCATALOG_COMPILER_APPICON_NAME = AppIcon;
				ASSETCATALOG_COMPILER_GLOBAL_ACCENT_COLOR_NAME = AccentColor;
				CODE_SIGN_STYLE = Automatic;
				CURRENT_PROJECT_VERSION = 1;
				DEVELOPMENT_TEAM = M45X2698V4;
				GENERATE_INFOPLIST_FILE = YES;
				INFOPLIST_FILE = MiniProjectUIKit/Info.plist;
				INFOPLIST_KEY_UIApplicationSupportsIndirectInputEvents = YES;
				INFOPLIST_KEY_UILaunchStoryboardName = LaunchScreen;
				INFOPLIST_KEY_UISupportedInterfaceOrientations_iPad = "UIInterfaceOrientationPortrait UIInterfaceOrientationPortraitUpsideDown UIInterfaceOrientationLandscapeLeft UIInterfaceOrientationLandscapeRight";
				INFOPLIST_KEY_UISupportedInterfaceOrientations_iPhone = "UIInterfaceOrientationPortrait UIInterfaceOrientationLandscapeLeft UIInterfaceOrientationLandscapeRight";
				LD_RUNPATH_SEARCH_PATHS = (
					"$(inherited)",
					"@executable_path/Frameworks",
				);
				MARKETING_VERSION = 1.0;
				PRODUCT_BUNDLE_IDENTIFIER = Appledev.MiniProjectUIKit;
				PRODUCT_NAME = "$(TARGET_NAME)";
				SWIFT_EMIT_LOC_STRINGS = YES;
				SWIFT_VERSION = 5.0;
				TARGETED_DEVICE_FAMILY = "1,2";
			};
			name = Release;
		};
		BF68B2D42CFD53EE00FF4107 /* Debug */ = {
			isa = XCBuildConfiguration;
			buildSettings = {
				ALWAYS_SEARCH_USER_PATHS = NO;
				ASSETCATALOG_COMPILER_GENERATE_SWIFT_ASSET_SYMBOL_EXTENSIONS = YES;
				CLANG_ANALYZER_NONNULL = YES;
				CLANG_ANALYZER_NUMBER_OBJECT_CONVERSION = YES_AGGRESSIVE;
				CLANG_CXX_LANGUAGE_STANDARD = "gnu++20";
				CLANG_ENABLE_MODULES = YES;
				CLANG_ENABLE_OBJC_ARC = YES;
				CLANG_ENABLE_OBJC_WEAK = YES;
				CLANG_WARN_BLOCK_CAPTURE_AUTORELEASING = YES;
				CLANG_WARN_BOOL_CONVERSION = YES;
				CLANG_WARN_COMMA = YES;
				CLANG_WARN_CONSTANT_CONVERSION = YES;
				CLANG_WARN_DEPRECATED_OBJC_IMPLEMENTATIONS = YES;
				CLANG_WARN_DIRECT_OBJC_ISA_USAGE = YES_ERROR;
				CLANG_WARN_DOCUMENTATION_COMMENTS = YES;
				CLANG_WARN_EMPTY_BODY = YES;
				CLANG_WARN_ENUM_CONVERSION = YES;
				CLANG_WARN_INFINITE_RECURSION = YES;
				CLANG_WARN_INT_CONVERSION = YES;
				CLANG_WARN_NON_LITERAL_NULL_CONVERSION = YES;
				CLANG_WARN_OBJC_IMPLICIT_RETAIN_SELF = YES;
				CLANG_WARN_OBJC_LITERAL_CONVERSION = YES;
				CLANG_WARN_OBJC_ROOT_CLASS = YES_ERROR;
				CLANG_WARN_QUOTED_INCLUDE_IN_FRAMEWORK_HEADER = YES;
				CLANG_WARN_RANGE_LOOP_ANALYSIS = YES;
				CLANG_WARN_STRICT_PROTOTYPES = YES;
				CLANG_WARN_SUSPICIOUS_MOVE = YES;
				CLANG_WARN_UNGUARDED_AVAILABILITY = YES_AGGRESSIVE;
				CLANG_WARN_UNREACHABLE_CODE = YES;
				CLANG_WARN__DUPLICATE_METHOD_MATCH = YES;
				COPY_PHASE_STRIP = NO;
				DEBUG_INFORMATION_FORMAT = dwarf;
				ENABLE_STRICT_OBJC_MSGSEND = YES;
				ENABLE_TESTABILITY = YES;
				ENABLE_USER_SCRIPT_SANDBOXING = YES;
				GCC_C_LANGUAGE_STANDARD = gnu17;
				GCC_DYNAMIC_NO_PIC = NO;
				GCC_NO_COMMON_BLOCKS = YES;
				GCC_OPTIMIZATION_LEVEL = 0;
				GCC_PREPROCESSOR_DEFINITIONS = (
					"DEBUG=1",
					"$(inherited)",
				);
				GCC_WARN_64_TO_32_BIT_CONVERSION = YES;
				GCC_WARN_ABOUT_RETURN_TYPE = YES_ERROR;
				GCC_WARN_UNDECLARED_SELECTOR = YES;
				GCC_WARN_UNINITIALIZED_AUTOS = YES_AGGRESSIVE;
				GCC_WARN_UNUSED_FUNCTION = YES;
				GCC_WARN_UNUSED_VARIABLE = YES;
				IPHONEOS_DEPLOYMENT_TARGET = 18.1;
				LOCALIZATION_PREFERS_STRING_CATALOGS = YES;
				MTL_ENABLE_DEBUG_INFO = INCLUDE_SOURCE;
				MTL_FAST_MATH = YES;
				ONLY_ACTIVE_ARCH = YES;
				SDKROOT = iphoneos;
				SWIFT_ACTIVE_COMPILATION_CONDITIONS = "DEBUG $(inherited)";
				SWIFT_OPTIMIZATION_LEVEL = "-Onone";
			};
			name = Debug;
		};
		BF68B2D52CFD53EE00FF4107 /* Release */ = {
			isa = XCBuildConfiguration;
			buildSettings = {
				ALWAYS_SEARCH_USER_PATHS = NO;
				ASSETCATALOG_COMPILER_GENERATE_SWIFT_ASSET_SYMBOL_EXTENSIONS = YES;
				CLANG_ANALYZER_NONNULL = YES;
				CLANG_ANALYZER_NUMBER_OBJECT_CONVERSION = YES_AGGRESSIVE;
				CLANG_CXX_LANGUAGE_STANDARD = "gnu++20";
				CLANG_ENABLE_MODULES = YES;
				CLANG_ENABLE_OBJC_ARC = YES;
				CLANG_ENABLE_OBJC_WEAK = YES;
				CLANG_WARN_BLOCK_CAPTURE_AUTORELEASING = YES;
				CLANG_WARN_BOOL_CONVERSION = YES;
				CLANG_WARN_COMMA = YES;
				CLANG_WARN_CONSTANT_CONVERSION = YES;
				CLANG_WARN_DEPRECATED_OBJC_IMPLEMENTATIONS = YES;
				CLANG_WARN_DIRECT_OBJC_ISA_USAGE = YES_ERROR;
				CLANG_WARN_DOCUMENTATION_COMMENTS = YES;
				CLANG_WARN_EMPTY_BODY = YES;
				CLANG_WARN_ENUM_CONVERSION = YES;
				CLANG_WARN_INFINITE_RECURSION = YES;
				CLANG_WARN_INT_CONVERSION = YES;
				CLANG_WARN_NON_LITERAL_NULL_CONVERSION = YES;
				CLANG_WARN_OBJC_IMPLICIT_RETAIN_SELF = YES;
				CLANG_WARN_OBJC_LITERAL_CONVERSION = YES;
				CLANG_WARN_OBJC_ROOT_CLASS = YES_ERROR;
				CLANG_WARN_QUOTED_INCLUDE_IN_FRAMEWORK_HEADER = YES;
				CLANG_WARN_RANGE_LOOP_ANALYSIS = YES;
				CLANG_WARN_STRICT_PROTOTYPES = YES;
				CLANG_WARN_SUSPICIOUS_MOVE = YES;
				CLANG_WARN_UNGUARDED_AVAILABILITY = YES_AGGRESSIVE;
				CLANG_WARN_UNREACHABLE_CODE = YES;
				CLANG_WARN__DUPLICATE_METHOD_MATCH = YES;
				COPY_PHASE_STRIP = NO;
				DEBUG_INFORMATION_FORMAT = "dwarf-with-dsym";
				ENABLE_NS_ASSERTIONS = NO;
				ENABLE_STRICT_OBJC_MSGSEND = YES;
				ENABLE_USER_SCRIPT_SANDBOXING = YES;
				GCC_C_LANGUAGE_STANDARD = gnu17;
				GCC_NO_COMMON_BLOCKS = YES;
				GCC_WARN_64_TO_32_BIT_CONVERSION = YES;
				GCC_WARN_ABOUT_RETURN_TYPE = YES_ERROR;
				GCC_WARN_UNDECLARED_SELECTOR = YES;
				GCC_WARN_UNINITIALIZED_AUTOS = YES_AGGRESSIVE;
				GCC_WARN_UNUSED_FUNCTION = YES;
				GCC_WARN_UNUSED_VARIABLE = YES;
				IPHONEOS_DEPLOYMENT_TARGET = 18.1;
				LOCALIZATION_PREFERS_STRING_CATALOGS = YES;
				MTL_ENABLE_DEBUG_INFO = NO;
				MTL_FAST_MATH = YES;
				SDKROOT = iphoneos;
				SWIFT_COMPILATION_MODE = wholemodule;
				VALIDATE_PRODUCT = YES;
			};
			name = Release;
		};
		BF68B2D72CFD53EE00FF4107 /* Debug */ = {
			isa = XCBuildConfiguration;
			buildSettings = {
				BUNDLE_LOADER = "$(TEST_HOST)";
				CODE_SIGN_STYLE = Automatic;
				CURRENT_PROJECT_VERSION = 1;
				DEVELOPMENT_TEAM = M45X2698V4;
				GENERATE_INFOPLIST_FILE = YES;
				IPHONEOS_DEPLOYMENT_TARGET = 18.1;
				MARKETING_VERSION = 1.0;
				PRODUCT_BUNDLE_IDENTIFIER = Appledev.MiniProjectUIKitTests;
				PRODUCT_NAME = "$(TARGET_NAME)";
				SWIFT_EMIT_LOC_STRINGS = NO;
				SWIFT_VERSION = 5.0;
				TARGETED_DEVICE_FAMILY = "1,2";
				TEST_HOST = "$(BUILT_PRODUCTS_DIR)/MiniProjectUIKit.app/$(BUNDLE_EXECUTABLE_FOLDER_PATH)/MiniProjectUIKit";
			};
			name = Debug;
		};
		BF68B2D82CFD53EE00FF4107 /* Release */ = {
			isa = XCBuildConfiguration;
			buildSettings = {
				BUNDLE_LOADER = "$(TEST_HOST)";
				CODE_SIGN_STYLE = Automatic;
				CURRENT_PROJECT_VERSION = 1;
				DEVELOPMENT_TEAM = M45X2698V4;
				GENERATE_INFOPLIST_FILE = YES;
				IPHONEOS_DEPLOYMENT_TARGET = 18.1;
				MARKETING_VERSION = 1.0;
				PRODUCT_BUNDLE_IDENTIFIER = Appledev.MiniProjectUIKitTests;
				PRODUCT_NAME = "$(TARGET_NAME)";
				SWIFT_EMIT_LOC_STRINGS = NO;
				SWIFT_VERSION = 5.0;
				TARGETED_DEVICE_FAMILY = "1,2";
				TEST_HOST = "$(BUILT_PRODUCTS_DIR)/MiniProjectUIKit.app/$(BUNDLE_EXECUTABLE_FOLDER_PATH)/MiniProjectUIKit";
			};
			name = Release;
		};
		BF68B2DA2CFD53EE00FF4107 /* Debug */ = {
			isa = XCBuildConfiguration;
			buildSettings = {
				CODE_SIGN_STYLE = Automatic;
				CURRENT_PROJECT_VERSION = 1;
				DEVELOPMENT_TEAM = M45X2698V4;
				GENERATE_INFOPLIST_FILE = YES;
				MARKETING_VERSION = 1.0;
				PRODUCT_BUNDLE_IDENTIFIER = Appledev.MiniProjectUIKitUITests;
				PRODUCT_NAME = "$(TARGET_NAME)";
				SWIFT_EMIT_LOC_STRINGS = NO;
				SWIFT_VERSION = 5.0;
				TARGETED_DEVICE_FAMILY = "1,2";
				TEST_TARGET_NAME = MiniProjectUIKit;
			};
			name = Debug;
		};
		BF68B2DB2CFD53EE00FF4107 /* Release */ = {
			isa = XCBuildConfiguration;
			buildSettings = {
				CODE_SIGN_STYLE = Automatic;
				CURRENT_PROJECT_VERSION = 1;
				DEVELOPMENT_TEAM = M45X2698V4;
				GENERATE_INFOPLIST_FILE = YES;
				MARKETING_VERSION = 1.0;
				PRODUCT_BUNDLE_IDENTIFIER = Appledev.MiniProjectUIKitUITests;
				PRODUCT_NAME = "$(TARGET_NAME)";
				SWIFT_EMIT_LOC_STRINGS = NO;
				SWIFT_VERSION = 5.0;
				TARGETED_DEVICE_FAMILY = "1,2";
				TEST_TARGET_NAME = MiniProjectUIKit;
			};
			name = Release;
		};
/* End XCBuildConfiguration section */

/* Begin XCConfigurationList section */
		BF68B2A32CFD53EA00FF4107 /* Build configuration list for PBXProject "MiniProjectUIKit" */ = {
			isa = XCConfigurationList;
			buildConfigurations = (
				BF68B2D42CFD53EE00FF4107 /* Debug */,
				BF68B2D52CFD53EE00FF4107 /* Release */,
			);
			defaultConfigurationIsVisible = 0;
			defaultConfigurationName = Release;
		};
		BF68B2D12CFD53EE00FF4107 /* Build configuration list for PBXNativeTarget "MiniProjectUIKit" */ = {
			isa = XCConfigurationList;
			buildConfigurations = (
				BF68B2D22CFD53EE00FF4107 /* Debug */,
				BF68B2D32CFD53EE00FF4107 /* Release */,
			);
			defaultConfigurationIsVisible = 0;
			defaultConfigurationName = Release;
		};
		BF68B2D62CFD53EE00FF4107 /* Build configuration list for PBXNativeTarget "MiniProjectUIKitTests" */ = {
			isa = XCConfigurationList;
			buildConfigurations = (
				BF68B2D72CFD53EE00FF4107 /* Debug */,
				BF68B2D82CFD53EE00FF4107 /* Release */,
			);
			defaultConfigurationIsVisible = 0;
			defaultConfigurationName = Release;
		};
		BF68B2D92CFD53EE00FF4107 /* Build configuration list for PBXNativeTarget "MiniProjectUIKitUITests" */ = {
			isa = XCConfigurationList;
			buildConfigurations = (
				BF68B2DA2CFD53EE00FF4107 /* Debug */,
				BF68B2DB2CFD53EE00FF4107 /* Release */,
			);
			defaultConfigurationIsVisible = 0;
			defaultConfigurationName = Release;
		};
/* End XCConfigurationList section */
	};
	rootObject = BF68B2A02CFD53EA00FF4107 /* Project object */;
}
